// !$*UTF8*$!
{
	archiveVersion = 1;
	classes = {
	};
	objectVersion = 46;
	objects = {

/* Begin PBXBuildFile section */
		05E50F82213EA67C007FEB78 /* TypIcons.ttf in Resources */ = {isa = PBXBuildFile; fileRef = 05E50F81213EA67C007FEB78 /* TypIcons.ttf */; };
		4389E5E020FE8E4400175651 /* SwiftIcons.framework in Frameworks */ = {isa = PBXBuildFile; fileRef = 4389E5D920FE8E4400175651 /* SwiftIcons.framework */; };
		4389E5E120FE8E4400175651 /* SwiftIcons.framework in Embed Frameworks */ = {isa = PBXBuildFile; fileRef = 4389E5D920FE8E4400175651 /* SwiftIcons.framework */; settings = {ATTRIBUTES = (CodeSignOnCopy, RemoveHeadersOnCopy, ); }; };
		4389E60920FE91C400175651 /* SwiftIcons.h in Headers */ = {isa = PBXBuildFile; fileRef = 4389E5E720FE8FCB00175651 /* SwiftIcons.h */; settings = {ATTRIBUTES = (Public, ); }; };
		4389E60A20FE91D400175651 /* Icofont.ttf in Resources */ = {isa = PBXBuildFile; fileRef = 4389E5E920FE8FCB00175651 /* Icofont.ttf */; };
		4389E60B20FE91D400175651 /* MapIcons.ttf in Resources */ = {isa = PBXBuildFile; fileRef = 4389E5EA20FE8FCB00175651 /* MapIcons.ttf */; };
		4389E60C20FE91D400175651 /* Dripicons.ttf in Resources */ = {isa = PBXBuildFile; fileRef = 4389E5EB20FE8FCB00175651 /* Dripicons.ttf */; };
		4389E60D20FE91D400175651 /* OpenIconic.ttf in Resources */ = {isa = PBXBuildFile; fileRef = 4389E5EC20FE8FCB00175651 /* OpenIconic.ttf */; };
		4389E60E20FE91D400175651 /* FontAwesomeSolid.ttf in Resources */ = {isa = PBXBuildFile; fileRef = 4389E5ED20FE8FCB00175651 /* FontAwesomeSolid.ttf */; };
		4389E60F20FE91D400175651 /* WeatherIcons.ttf in Resources */ = {isa = PBXBuildFile; fileRef = 4389E5EE20FE8FCB00175651 /* WeatherIcons.ttf */; };
		4389E61020FE91D400175651 /* Ionicons.ttf in Resources */ = {isa = PBXBuildFile; fileRef = 4389E5EF20FE8FCB00175651 /* Ionicons.ttf */; };
		4389E61120FE91D400175651 /* FontAwesome.ttf in Resources */ = {isa = PBXBuildFile; fileRef = 4389E5F020FE8FCB00175651 /* FontAwesome.ttf */; };
		4389E61220FE91D400175651 /* FontAwesomeRegular.ttf in Resources */ = {isa = PBXBuildFile; fileRef = 4389E5F120FE8FCB00175651 /* FontAwesomeRegular.ttf */; };
		4389E61320FE91D400175651 /* Stateface.ttf in Resources */ = {isa = PBXBuildFile; fileRef = 4389E5F220FE8FCB00175651 /* Stateface.ttf */; };
		4389E61420FE91D400175651 /* Linearicons.ttf in Resources */ = {isa = PBXBuildFile; fileRef = 4389E5F320FE8FCB00175651 /* Linearicons.ttf */; };
		4389E61520FE91D400175651 /* Emoji.ttf in Resources */ = {isa = PBXBuildFile; fileRef = 4389E5F420FE8FCB00175651 /* Emoji.ttf */; };
		4389E61620FE91D400175651 /* FontAwesomeBrands.ttf in Resources */ = {isa = PBXBuildFile; fileRef = 4389E5F520FE8FCB00175651 /* FontAwesomeBrands.ttf */; };
		4389E61720FE91D400175651 /* MaterialIcons.ttf in Resources */ = {isa = PBXBuildFile; fileRef = 4389E5F620FE8FCB00175651 /* MaterialIcons.ttf */; };
		4389E61920FE91DE00175651 /* SwiftIcons.swift in Sources */ = {isa = PBXBuildFile; fileRef = 4389E5F820FE8FCB00175651 /* SwiftIcons.swift */; };
		A605C1341E37A9EF0079765A /* AppDelegate.swift in Sources */ = {isa = PBXBuildFile; fileRef = A605C1331E37A9EF0079765A /* AppDelegate.swift */; };
		A605C1391E37A9EF0079765A /* Main.storyboard in Resources */ = {isa = PBXBuildFile; fileRef = A605C1371E37A9EF0079765A /* Main.storyboard */; };
		A605C13B1E37A9EF0079765A /* Assets.xcassets in Resources */ = {isa = PBXBuildFile; fileRef = A605C13A1E37A9EF0079765A /* Assets.xcassets */; };
		A605C13E1E37A9EF0079765A /* LaunchScreen.storyboard in Resources */ = {isa = PBXBuildFile; fileRef = A605C13C1E37A9EF0079765A /* LaunchScreen.storyboard */; };
		A605C15F1E37AE1F0079765A /* HomeViewController.swift in Sources */ = {isa = PBXBuildFile; fileRef = A605C15E1E37AE1F0079765A /* HomeViewController.swift */; };
		A605C1611E37AF3D0079765A /* FontTableViewCell.swift in Sources */ = {isa = PBXBuildFile; fileRef = A605C1601E37AF3D0079765A /* FontTableViewCell.swift */; };
		A605C1631E37B2730079765A /* AboutViewController.swift in Sources */ = {isa = PBXBuildFile; fileRef = A605C1621E37B2730079765A /* AboutViewController.swift */; };
		A605C1651E37C39F0079765A /* FontsViewController.swift in Sources */ = {isa = PBXBuildFile; fileRef = A605C1641E37C39F0079765A /* FontsViewController.swift */; };
		A605C1671E37C9100079765A /* LibraryViewController.swift in Sources */ = {isa = PBXBuildFile; fileRef = A605C1661E37C9100079765A /* LibraryViewController.swift */; };
		A605C1691E37D5190079765A /* IconsViewController.swift in Sources */ = {isa = PBXBuildFile; fileRef = A605C1681E37D5190079765A /* IconsViewController.swift */; };
		A605C16B1E38F9AA0079765A /* IconDetailViewController.swift in Sources */ = {isa = PBXBuildFile; fileRef = A605C16A1E38F9AA0079765A /* IconDetailViewController.swift */; };
		A605C1731E3B9FD20079765A /* ObjectsDetailsViewController.swift in Sources */ = {isa = PBXBuildFile; fileRef = A605C1721E3B9FD20079765A /* ObjectsDetailsViewController.swift */; };
		A671D6811EAFBBE300849862 /* Extensions.swift in Sources */ = {isa = PBXBuildFile; fileRef = A671D6801EAFBBE300849862 /* Extensions.swift */; };
		A671D6971EAFD5BA00849862 /* SwiftIconsTests.swift in Sources */ = {isa = PBXBuildFile; fileRef = A671D6961EAFD5BA00849862 /* SwiftIconsTests.swift */; };
		A67D28A51E42445F005765A0 /* LICENSE in Resources */ = {isa = PBXBuildFile; fileRef = A67D28A41E42445F005765A0 /* LICENSE */; };
		A6945A391E8D3D87004AA743 /* SwiftIcons.podspec in Resources */ = {isa = PBXBuildFile; fileRef = A6945A381E8D3D87004AA743 /* SwiftIcons.podspec */; };
		A6945A3B1E8D406B004AA743 /* .swift-version in Resources */ = {isa = PBXBuildFile; fileRef = A6945A3A1E8D406B004AA743 /* .swift-version */; };
/* End PBXBuildFile section */

/* Begin PBXContainerItemProxy section */
		4389E5DE20FE8E4400175651 /* PBXContainerItemProxy */ = {
			isa = PBXContainerItemProxy;
			containerPortal = A605C1281E37A9EE0079765A /* Project object */;
			proxyType = 1;
			remoteGlobalIDString = 4389E5D820FE8E4400175651;
			remoteInfo = SwiftIcons;
		};
		9BEB89A51F8BDBA600A93899 /* PBXContainerItemProxy */ = {
			isa = PBXContainerItemProxy;
			containerPortal = A605C1281E37A9EE0079765A /* Project object */;
			proxyType = 1;
			remoteGlobalIDString = A605C12F1E37A9EE0079765A;
			remoteInfo = SwiftIconsApp;
		};
/* End PBXContainerItemProxy section */

/* Begin PBXCopyFilesBuildPhase section */
		4389E5E520FE8E4400175651 /* Embed Frameworks */ = {
			isa = PBXCopyFilesBuildPhase;
			buildActionMask = 2147483647;
			dstPath = "";
			dstSubfolderSpec = 10;
			files = (
				4389E5E120FE8E4400175651 /* SwiftIcons.framework in Embed Frameworks */,
			);
			name = "Embed Frameworks";
			runOnlyForDeploymentPostprocessing = 0;
		};
/* End PBXCopyFilesBuildPhase section */

/* Begin PBXFileReference section */
		05E50F81213EA67C007FEB78 /* TypIcons.ttf */ = {isa = PBXFileReference; lastKnownFileType = file; path = TypIcons.ttf; sourceTree = "<group>"; };
		4389E5D920FE8E4400175651 /* SwiftIcons.framework */ = {isa = PBXFileReference; explicitFileType = wrapper.framework; includeInIndex = 0; path = SwiftIcons.framework; sourceTree = BUILT_PRODUCTS_DIR; };
		4389E5E720FE8FCB00175651 /* SwiftIcons.h */ = {isa = PBXFileReference; fileEncoding = 4; lastKnownFileType = sourcecode.c.h; path = SwiftIcons.h; sourceTree = "<group>"; };
		4389E5E920FE8FCB00175651 /* Icofont.ttf */ = {isa = PBXFileReference; lastKnownFileType = file; path = Icofont.ttf; sourceTree = "<group>"; };
		4389E5EA20FE8FCB00175651 /* MapIcons.ttf */ = {isa = PBXFileReference; lastKnownFileType = file; path = MapIcons.ttf; sourceTree = "<group>"; };
		4389E5EB20FE8FCB00175651 /* Dripicons.ttf */ = {isa = PBXFileReference; lastKnownFileType = file; path = Dripicons.ttf; sourceTree = "<group>"; };
		4389E5EC20FE8FCB00175651 /* OpenIconic.ttf */ = {isa = PBXFileReference; lastKnownFileType = file; path = OpenIconic.ttf; sourceTree = "<group>"; };
		4389E5ED20FE8FCB00175651 /* FontAwesomeSolid.ttf */ = {isa = PBXFileReference; lastKnownFileType = file; path = FontAwesomeSolid.ttf; sourceTree = "<group>"; };
		4389E5EE20FE8FCB00175651 /* WeatherIcons.ttf */ = {isa = PBXFileReference; lastKnownFileType = file; path = WeatherIcons.ttf; sourceTree = "<group>"; };
		4389E5EF20FE8FCB00175651 /* Ionicons.ttf */ = {isa = PBXFileReference; lastKnownFileType = file; path = Ionicons.ttf; sourceTree = "<group>"; };
		4389E5F020FE8FCB00175651 /* FontAwesome.ttf */ = {isa = PBXFileReference; lastKnownFileType = file; path = FontAwesome.ttf; sourceTree = "<group>"; };
		4389E5F120FE8FCB00175651 /* FontAwesomeRegular.ttf */ = {isa = PBXFileReference; lastKnownFileType = file; path = FontAwesomeRegular.ttf; sourceTree = "<group>"; };
		4389E5F220FE8FCB00175651 /* Stateface.ttf */ = {isa = PBXFileReference; lastKnownFileType = file; path = Stateface.ttf; sourceTree = "<group>"; };
		4389E5F320FE8FCB00175651 /* Linearicons.ttf */ = {isa = PBXFileReference; lastKnownFileType = file; path = Linearicons.ttf; sourceTree = "<group>"; };
		4389E5F420FE8FCB00175651 /* Emoji.ttf */ = {isa = PBXFileReference; lastKnownFileType = file; path = Emoji.ttf; sourceTree = "<group>"; };
		4389E5F520FE8FCB00175651 /* FontAwesomeBrands.ttf */ = {isa = PBXFileReference; lastKnownFileType = file; path = FontAwesomeBrands.ttf; sourceTree = "<group>"; };
		4389E5F620FE8FCB00175651 /* MaterialIcons.ttf */ = {isa = PBXFileReference; lastKnownFileType = file; path = MaterialIcons.ttf; sourceTree = "<group>"; };
		4389E5F720FE8FCB00175651 /* Info.plist */ = {isa = PBXFileReference; fileEncoding = 4; lastKnownFileType = text.plist.xml; path = Info.plist; sourceTree = "<group>"; };
		4389E5F820FE8FCB00175651 /* SwiftIcons.swift */ = {isa = PBXFileReference; fileEncoding = 4; lastKnownFileType = sourcecode.swift; path = SwiftIcons.swift; sourceTree = "<group>"; };
		A605C1301E37A9EE0079765A /* SwiftIconsApp.app */ = {isa = PBXFileReference; explicitFileType = wrapper.application; includeInIndex = 0; path = SwiftIconsApp.app; sourceTree = BUILT_PRODUCTS_DIR; };
		A605C1331E37A9EF0079765A /* AppDelegate.swift */ = {isa = PBXFileReference; lastKnownFileType = sourcecode.swift; path = AppDelegate.swift; sourceTree = "<group>"; };
		A605C1381E37A9EF0079765A /* Base */ = {isa = PBXFileReference; lastKnownFileType = file.storyboard; name = Base; path = Base.lproj/Main.storyboard; sourceTree = "<group>"; };
		A605C13A1E37A9EF0079765A /* Assets.xcassets */ = {isa = PBXFileReference; lastKnownFileType = folder.assetcatalog; path = Assets.xcassets; sourceTree = "<group>"; };
		A605C13D1E37A9EF0079765A /* Base */ = {isa = PBXFileReference; lastKnownFileType = file.storyboard; name = Base; path = Base.lproj/LaunchScreen.storyboard; sourceTree = "<group>"; };
		A605C13F1E37A9EF0079765A /* Info.plist */ = {isa = PBXFileReference; lastKnownFileType = text.plist.xml; path = Info.plist; sourceTree = "<group>"; };
		A605C15E1E37AE1F0079765A /* HomeViewController.swift */ = {isa = PBXFileReference; fileEncoding = 4; lastKnownFileType = sourcecode.swift; path = HomeViewController.swift; sourceTree = "<group>"; };
		A605C1601E37AF3D0079765A /* FontTableViewCell.swift */ = {isa = PBXFileReference; fileEncoding = 4; lastKnownFileType = sourcecode.swift; path = FontTableViewCell.swift; sourceTree = "<group>"; };
		A605C1621E37B2730079765A /* AboutViewController.swift */ = {isa = PBXFileReference; fileEncoding = 4; lastKnownFileType = sourcecode.swift; path = AboutViewController.swift; sourceTree = "<group>"; };
		A605C1641E37C39F0079765A /* FontsViewController.swift */ = {isa = PBXFileReference; fileEncoding = 4; lastKnownFileType = sourcecode.swift; path = FontsViewController.swift; sourceTree = "<group>"; };
		A605C1661E37C9100079765A /* LibraryViewController.swift */ = {isa = PBXFileReference; fileEncoding = 4; lastKnownFileType = sourcecode.swift; path = LibraryViewController.swift; sourceTree = "<group>"; };
		A605C1681E37D5190079765A /* IconsViewController.swift */ = {isa = PBXFileReference; fileEncoding = 4; lastKnownFileType = sourcecode.swift; path = IconsViewController.swift; sourceTree = "<group>"; };
		A605C16A1E38F9AA0079765A /* IconDetailViewController.swift */ = {isa = PBXFileReference; fileEncoding = 4; lastKnownFileType = sourcecode.swift; path = IconDetailViewController.swift; sourceTree = "<group>"; };
		A605C1721E3B9FD20079765A /* ObjectsDetailsViewController.swift */ = {isa = PBXFileReference; fileEncoding = 4; lastKnownFileType = sourcecode.swift; path = ObjectsDetailsViewController.swift; sourceTree = "<group>"; };
		A671D6801EAFBBE300849862 /* Extensions.swift */ = {isa = PBXFileReference; fileEncoding = 4; lastKnownFileType = sourcecode.swift; path = Extensions.swift; sourceTree = "<group>"; };
		A671D6941EAFD5BA00849862 /* SwiftIconsTests.xctest */ = {isa = PBXFileReference; explicitFileType = wrapper.cfbundle; includeInIndex = 0; path = SwiftIconsTests.xctest; sourceTree = BUILT_PRODUCTS_DIR; };
		A671D6961EAFD5BA00849862 /* SwiftIconsTests.swift */ = {isa = PBXFileReference; lastKnownFileType = sourcecode.swift; path = SwiftIconsTests.swift; sourceTree = "<group>"; };
		A671D6981EAFD5BA00849862 /* Info.plist */ = {isa = PBXFileReference; lastKnownFileType = text.plist.xml; path = Info.plist; sourceTree = "<group>"; };
		A67D28781E4149F3005765A0 /* .gitignore */ = {isa = PBXFileReference; fileEncoding = 4; lastKnownFileType = text; path = .gitignore; sourceTree = SOURCE_ROOT; };
		A67D287D1E4179BB005765A0 /* README.md */ = {isa = PBXFileReference; lastKnownFileType = net.daringfireball.markdown; path = README.md; sourceTree = SOURCE_ROOT; };
		A67D28A41E42445F005765A0 /* LICENSE */ = {isa = PBXFileReference; fileEncoding = 4; lastKnownFileType = text; path = LICENSE; sourceTree = SOURCE_ROOT; };
		A686468B1EBB73BC00EF27A9 /* .travis.yml */ = {isa = PBXFileReference; lastKnownFileType = text; path = .travis.yml; sourceTree = SOURCE_ROOT; };
		A686468C1EBB867E00EF27A9 /* Package.swift */ = {isa = PBXFileReference; lastKnownFileType = sourcecode.swift; path = Package.swift; sourceTree = SOURCE_ROOT; };
		A6945A381E8D3D87004AA743 /* SwiftIcons.podspec */ = {isa = PBXFileReference; fileEncoding = 4; lastKnownFileType = text; path = SwiftIcons.podspec; sourceTree = SOURCE_ROOT; };
		A6945A3A1E8D406B004AA743 /* .swift-version */ = {isa = PBXFileReference; fileEncoding = 4; lastKnownFileType = text; path = ".swift-version"; sourceTree = SOURCE_ROOT; };
		A6BD3B5A1EA154D100F2CF09 /* CHANGELOG.md */ = {isa = PBXFileReference; fileEncoding = 4; lastKnownFileType = net.daringfireball.markdown; path = CHANGELOG.md; sourceTree = SOURCE_ROOT; };
		A6DDCFA51E40E4A600191F5C /* logo.png */ = {isa = PBXFileReference; lastKnownFileType = image.png; name = logo.png; path = resources/logo.png; sourceTree = "<group>"; };
/* End PBXFileReference section */

/* Begin PBXFrameworksBuildPhase section */
		4389E5D520FE8E4400175651 /* Frameworks */ = {
			isa = PBXFrameworksBuildPhase;
			buildActionMask = 2147483647;
			files = (
			);
			runOnlyForDeploymentPostprocessing = 0;
		};
		A605C12D1E37A9EE0079765A /* Frameworks */ = {
			isa = PBXFrameworksBuildPhase;
			buildActionMask = 2147483647;
			files = (
				4389E5E020FE8E4400175651 /* SwiftIcons.framework in Frameworks */,
			);
			runOnlyForDeploymentPostprocessing = 0;
		};
		A671D6911EAFD5BA00849862 /* Frameworks */ = {
			isa = PBXFrameworksBuildPhase;
			buildActionMask = 2147483647;
			files = (
			);
			runOnlyForDeploymentPostprocessing = 0;
		};
/* End PBXFrameworksBuildPhase section */

/* Begin PBXGroup section */
		4389E5E620FE8FCB00175651 /* Source */ = {
			isa = PBXGroup;
			children = (
				4389E5E720FE8FCB00175651 /* SwiftIcons.h */,
				4389E5E820FE8FCB00175651 /* Fonts */,
				4389E5F720FE8FCB00175651 /* Info.plist */,
				4389E5F820FE8FCB00175651 /* SwiftIcons.swift */,
			);
			path = Source;
			sourceTree = "<group>";
		};
		4389E5E820FE8FCB00175651 /* Fonts */ = {
			isa = PBXGroup;
			children = (
				4389E5E920FE8FCB00175651 /* Icofont.ttf */,
				4389E5EA20FE8FCB00175651 /* MapIcons.ttf */,
				4389E5EB20FE8FCB00175651 /* Dripicons.ttf */,
				4389E5EC20FE8FCB00175651 /* OpenIconic.ttf */,
				4389E5ED20FE8FCB00175651 /* FontAwesomeSolid.ttf */,
				4389E5EE20FE8FCB00175651 /* WeatherIcons.ttf */,
				4389E5EF20FE8FCB00175651 /* Ionicons.ttf */,
				05E50F81213EA67C007FEB78 /* TypIcons.ttf */,
				4389E5F020FE8FCB00175651 /* FontAwesome.ttf */,
				4389E5F120FE8FCB00175651 /* FontAwesomeRegular.ttf */,
				4389E5F220FE8FCB00175651 /* Stateface.ttf */,
				4389E5F320FE8FCB00175651 /* Linearicons.ttf */,
				4389E5F420FE8FCB00175651 /* Emoji.ttf */,
				4389E5F520FE8FCB00175651 /* FontAwesomeBrands.ttf */,
				4389E5F620FE8FCB00175651 /* MaterialIcons.ttf */,
			);
			path = Fonts;
			sourceTree = "<group>";
		};
		A605C1271E37A9EE0079765A = {
			isa = PBXGroup;
			children = (
				4389E5E620FE8FCB00175651 /* Source */,
				A6DDCFA41E40E3E500191F5C /* Resources */,
				A605C1321E37A9EE0079765A /* SwiftIconsApp */,
				A671D6951EAFD5BA00849862 /* SwiftIconsTests */,
				A605C1311E37A9EE0079765A /* Products */,
			);
			sourceTree = "<group>";
		};
		A605C1311E37A9EE0079765A /* Products */ = {
			isa = PBXGroup;
			children = (
				A605C1301E37A9EE0079765A /* SwiftIconsApp.app */,
				A671D6941EAFD5BA00849862 /* SwiftIconsTests.xctest */,
				4389E5D920FE8E4400175651 /* SwiftIcons.framework */,
			);
			name = Products;
			sourceTree = "<group>";
		};
		A605C1321E37A9EE0079765A /* SwiftIconsApp */ = {
			isa = PBXGroup;
			children = (
				A605C1331E37A9EF0079765A /* AppDelegate.swift */,
				A671D6801EAFBBE300849862 /* Extensions.swift */,
				A605C15E1E37AE1F0079765A /* HomeViewController.swift */,
				A605C1601E37AF3D0079765A /* FontTableViewCell.swift */,
				A605C1641E37C39F0079765A /* FontsViewController.swift */,
				A605C1681E37D5190079765A /* IconsViewController.swift */,
				A605C16A1E38F9AA0079765A /* IconDetailViewController.swift */,
				A605C1661E37C9100079765A /* LibraryViewController.swift */,
				A605C1721E3B9FD20079765A /* ObjectsDetailsViewController.swift */,
				A605C1621E37B2730079765A /* AboutViewController.swift */,
				A605C1371E37A9EF0079765A /* Main.storyboard */,
				A605C13A1E37A9EF0079765A /* Assets.xcassets */,
				A605C13C1E37A9EF0079765A /* LaunchScreen.storyboard */,
				A605C13F1E37A9EF0079765A /* Info.plist */,
				A67D28781E4149F3005765A0 /* .gitignore */,
				A67D287D1E4179BB005765A0 /* README.md */,
				A67D28A41E42445F005765A0 /* LICENSE */,
				A6945A381E8D3D87004AA743 /* SwiftIcons.podspec */,
				A6945A3A1E8D406B004AA743 /* .swift-version */,
				A6BD3B5A1EA154D100F2CF09 /* CHANGELOG.md */,
				A686468B1EBB73BC00EF27A9 /* .travis.yml */,
				A686468C1EBB867E00EF27A9 /* Package.swift */,
			);
			path = SwiftIconsApp;
			sourceTree = "<group>";
		};
		A671D6951EAFD5BA00849862 /* SwiftIconsTests */ = {
			isa = PBXGroup;
			children = (
				A671D6961EAFD5BA00849862 /* SwiftIconsTests.swift */,
				A671D6981EAFD5BA00849862 /* Info.plist */,
			);
			path = SwiftIconsTests;
			sourceTree = "<group>";
		};
		A6DDCFA41E40E3E500191F5C /* Resources */ = {
			isa = PBXGroup;
			children = (
				A6DDCFA51E40E4A600191F5C /* logo.png */,
			);
			name = Resources;
			sourceTree = "<group>";
		};
/* End PBXGroup section */

/* Begin PBXHeadersBuildPhase section */
		4389E5D620FE8E4400175651 /* Headers */ = {
			isa = PBXHeadersBuildPhase;
			buildActionMask = 2147483647;
			files = (
				4389E60920FE91C400175651 /* SwiftIcons.h in Headers */,
			);
			runOnlyForDeploymentPostprocessing = 0;
		};
/* End PBXHeadersBuildPhase section */

/* Begin PBXNativeTarget section */
		4389E5D820FE8E4400175651 /* SwiftIcons */ = {
			isa = PBXNativeTarget;
			buildConfigurationList = 4389E5E420FE8E4400175651 /* Build configuration list for PBXNativeTarget "SwiftIcons" */;
			buildPhases = (
				4389E5D420FE8E4400175651 /* Sources */,
				4389E5D520FE8E4400175651 /* Frameworks */,
				4389E5D620FE8E4400175651 /* Headers */,
				4389E5D720FE8E4400175651 /* Resources */,
			);
			buildRules = (
			);
			dependencies = (
			);
			name = SwiftIcons;
			productName = SwiftIcons;
			productReference = 4389E5D920FE8E4400175651 /* SwiftIcons.framework */;
			productType = "com.apple.product-type.framework";
		};
		A605C12F1E37A9EE0079765A /* SwiftIconsApp */ = {
			isa = PBXNativeTarget;
			buildConfigurationList = A605C1421E37A9EF0079765A /* Build configuration list for PBXNativeTarget "SwiftIconsApp" */;
			buildPhases = (
				A605C12C1E37A9EE0079765A /* Sources */,
				A605C12D1E37A9EE0079765A /* Frameworks */,
				A605C12E1E37A9EE0079765A /* Resources */,
				4389E5E520FE8E4400175651 /* Embed Frameworks */,
			);
			buildRules = (
			);
			dependencies = (
				4389E5DF20FE8E4400175651 /* PBXTargetDependency */,
			);
			name = SwiftIconsApp;
			productName = SwiftIconsApp;
			productReference = A605C1301E37A9EE0079765A /* SwiftIconsApp.app */;
			productType = "com.apple.product-type.application";
		};
		A671D6931EAFD5BA00849862 /* SwiftIconsTests */ = {
			isa = PBXNativeTarget;
			buildConfigurationList = A671D69B1EAFD5BA00849862 /* Build configuration list for PBXNativeTarget "SwiftIconsTests" */;
			buildPhases = (
				A671D6901EAFD5BA00849862 /* Sources */,
				A671D6911EAFD5BA00849862 /* Frameworks */,
				A671D6921EAFD5BA00849862 /* Resources */,
			);
			buildRules = (
			);
			dependencies = (
				9BEB89A61F8BDBA600A93899 /* PBXTargetDependency */,
			);
			name = SwiftIconsTests;
			productName = SwiftIconsTests;
			productReference = A671D6941EAFD5BA00849862 /* SwiftIconsTests.xctest */;
			productType = "com.apple.product-type.bundle.unit-test";
		};
/* End PBXNativeTarget section */

/* Begin PBXProject section */
		A605C1281E37A9EE0079765A /* Project object */ = {
			isa = PBXProject;
			attributes = {
				LastSwiftUpdateCheck = 0830;
				LastUpgradeCheck = 1000;
				ORGANIZATIONNAME = "Saurabh Rane";
				TargetAttributes = {
					4389E5D820FE8E4400175651 = {
						CreatedOnToolsVersion = 9.4.1;
						DevelopmentTeam = YT594STPKB;
						LastSwiftMigration = 1000;
						ProvisioningStyle = Automatic;
					};
					A605C12F1E37A9EE0079765A = {
						CreatedOnToolsVersion = 8.2;
						DevelopmentTeam = YT594STPKB;
						LastSwiftMigration = 1000;
						ProvisioningStyle = Automatic;
					};
					A671D6931EAFD5BA00849862 = {
						CreatedOnToolsVersion = 8.3.2;
						DevelopmentTeam = YT594STPKB;
						LastSwiftMigration = 1000;
						ProvisioningStyle = Automatic;
					};
				};
			};
			buildConfigurationList = A605C12B1E37A9EE0079765A /* Build configuration list for PBXProject "SwiftIcons" */;
			compatibilityVersion = "Xcode 3.2";
			developmentRegion = English;
			hasScannedForEncodings = 0;
			knownRegions = (
				en,
				Base,
			);
			mainGroup = A605C1271E37A9EE0079765A;
			productRefGroup = A605C1311E37A9EE0079765A /* Products */;
			projectDirPath = "";
			projectRoot = "";
			targets = (
				A605C12F1E37A9EE0079765A /* SwiftIconsApp */,
				A671D6931EAFD5BA00849862 /* SwiftIconsTests */,
				4389E5D820FE8E4400175651 /* SwiftIcons */,
			);
		};
/* End PBXProject section */

/* Begin PBXResourcesBuildPhase section */
		4389E5D720FE8E4400175651 /* Resources */ = {
			isa = PBXResourcesBuildPhase;
			buildActionMask = 2147483647;
			files = (
				4389E61420FE91D400175651 /* Linearicons.ttf in Resources */,
				4389E61620FE91D400175651 /* FontAwesomeBrands.ttf in Resources */,
				4389E61220FE91D400175651 /* FontAwesomeRegular.ttf in Resources */,
				4389E60B20FE91D400175651 /* MapIcons.ttf in Resources */,
				05E50F82213EA67C007FEB78 /* TypIcons.ttf in Resources */,
				4389E60D20FE91D400175651 /* OpenIconic.ttf in Resources */,
				4389E60C20FE91D400175651 /* Dripicons.ttf in Resources */,
				4389E61720FE91D400175651 /* MaterialIcons.ttf in Resources */,
				4389E61120FE91D400175651 /* FontAwesome.ttf in Resources */,
				4389E61020FE91D400175651 /* Ionicons.ttf in Resources */,
				4389E60E20FE91D400175651 /* FontAwesomeSolid.ttf in Resources */,
				4389E60F20FE91D400175651 /* WeatherIcons.ttf in Resources */,
				4389E61520FE91D400175651 /* Emoji.ttf in Resources */,
				4389E60A20FE91D400175651 /* Icofont.ttf in Resources */,
				4389E61320FE91D400175651 /* Stateface.ttf in Resources */,
			);
			runOnlyForDeploymentPostprocessing = 0;
		};
		A605C12E1E37A9EE0079765A /* Resources */ = {
			isa = PBXResourcesBuildPhase;
			buildActionMask = 2147483647;
			files = (
				A605C13E1E37A9EF0079765A /* LaunchScreen.storyboard in Resources */,
				A605C13B1E37A9EF0079765A /* Assets.xcassets in Resources */,
				A67D28A51E42445F005765A0 /* LICENSE in Resources */,
				A6945A3B1E8D406B004AA743 /* .swift-version in Resources */,
				A605C1391E37A9EF0079765A /* Main.storyboard in Resources */,
				A6945A391E8D3D87004AA743 /* SwiftIcons.podspec in Resources */,
			);
			runOnlyForDeploymentPostprocessing = 0;
		};
		A671D6921EAFD5BA00849862 /* Resources */ = {
			isa = PBXResourcesBuildPhase;
			buildActionMask = 2147483647;
			files = (
			);
			runOnlyForDeploymentPostprocessing = 0;
		};
/* End PBXResourcesBuildPhase section */

/* Begin PBXSourcesBuildPhase section */
		4389E5D420FE8E4400175651 /* Sources */ = {
			isa = PBXSourcesBuildPhase;
			buildActionMask = 2147483647;
			files = (
				4389E61920FE91DE00175651 /* SwiftIcons.swift in Sources */,
			);
			runOnlyForDeploymentPostprocessing = 0;
		};
		A605C12C1E37A9EE0079765A /* Sources */ = {
			isa = PBXSourcesBuildPhase;
			buildActionMask = 2147483647;
			files = (
				A605C1611E37AF3D0079765A /* FontTableViewCell.swift in Sources */,
				A605C1651E37C39F0079765A /* FontsViewController.swift in Sources */,
				A605C1341E37A9EF0079765A /* AppDelegate.swift in Sources */,
				A605C1671E37C9100079765A /* LibraryViewController.swift in Sources */,
				A605C1631E37B2730079765A /* AboutViewController.swift in Sources */,
				A671D6811EAFBBE300849862 /* Extensions.swift in Sources */,
				A605C15F1E37AE1F0079765A /* HomeViewController.swift in Sources */,
				A605C1691E37D5190079765A /* IconsViewController.swift in Sources */,
				A605C1731E3B9FD20079765A /* ObjectsDetailsViewController.swift in Sources */,
				A605C16B1E38F9AA0079765A /* IconDetailViewController.swift in Sources */,
			);
			runOnlyForDeploymentPostprocessing = 0;
		};
		A671D6901EAFD5BA00849862 /* Sources */ = {
			isa = PBXSourcesBuildPhase;
			buildActionMask = 2147483647;
			files = (
				A671D6971EAFD5BA00849862 /* SwiftIconsTests.swift in Sources */,
			);
			runOnlyForDeploymentPostprocessing = 0;
		};
/* End PBXSourcesBuildPhase section */

/* Begin PBXTargetDependency section */
		4389E5DF20FE8E4400175651 /* PBXTargetDependency */ = {
			isa = PBXTargetDependency;
			target = 4389E5D820FE8E4400175651 /* SwiftIcons */;
			targetProxy = 4389E5DE20FE8E4400175651 /* PBXContainerItemProxy */;
		};
		9BEB89A61F8BDBA600A93899 /* PBXTargetDependency */ = {
			isa = PBXTargetDependency;
			target = A605C12F1E37A9EE0079765A /* SwiftIconsApp */;
			targetProxy = 9BEB89A51F8BDBA600A93899 /* PBXContainerItemProxy */;
		};
/* End PBXTargetDependency section */

/* Begin PBXVariantGroup section */
		A605C1371E37A9EF0079765A /* Main.storyboard */ = {
			isa = PBXVariantGroup;
			children = (
				A605C1381E37A9EF0079765A /* Base */,
			);
			name = Main.storyboard;
			sourceTree = "<group>";
		};
		A605C13C1E37A9EF0079765A /* LaunchScreen.storyboard */ = {
			isa = PBXVariantGroup;
			children = (
				A605C13D1E37A9EF0079765A /* Base */,
			);
			name = LaunchScreen.storyboard;
			sourceTree = "<group>";
		};
/* End PBXVariantGroup section */

/* Begin XCBuildConfiguration section */
		4389E5E220FE8E4400175651 /* Debug */ = {
			isa = XCBuildConfiguration;
			buildSettings = {
				CLANG_ANALYZER_NUMBER_OBJECT_CONVERSION = YES_AGGRESSIVE;
				CLANG_CXX_LANGUAGE_STANDARD = "gnu++14";
				CLANG_ENABLE_OBJC_WEAK = YES;
				CLANG_WARN_UNGUARDED_AVAILABILITY = YES_AGGRESSIVE;
				CODE_SIGN_IDENTITY = "";
				CODE_SIGN_STYLE = Automatic;
				CURRENT_PROJECT_VERSION = 2.1.0;
				DEFINES_MODULE = YES;
				DEVELOPMENT_TEAM = YT594STPKB;
				DYLIB_COMPATIBILITY_VERSION = 1;
				DYLIB_CURRENT_VERSION = 1;
				DYLIB_INSTALL_NAME_BASE = "@rpath";
				GCC_C_LANGUAGE_STANDARD = gnu11;
				INFOPLIST_FILE = "$(SRCROOT)/Source/Info.plist";
				INSTALL_PATH = "$(LOCAL_LIBRARY_DIR)/Frameworks";
				IPHONEOS_DEPLOYMENT_TARGET = 9.0;
				LD_RUNPATH_SEARCH_PATHS = "$(inherited) @executable_path/Frameworks @loader_path/Frameworks";
				PRODUCT_BUNDLE_IDENTIFIER = com.ranesr.SwiftIcons;
				PRODUCT_NAME = "$(TARGET_NAME:c99extidentifier)";
				SKIP_INSTALL = YES;
				SWIFT_VERSION = 4.2;
				TARGETED_DEVICE_FAMILY = "1,2";
				VERSIONING_SYSTEM = "apple-generic";
				VERSION_INFO_PREFIX = "";
			};
			name = Debug;
		};
		4389E5E320FE8E4400175651 /* Release */ = {
			isa = XCBuildConfiguration;
			buildSettings = {
				CLANG_ANALYZER_NUMBER_OBJECT_CONVERSION = YES_AGGRESSIVE;
				CLANG_CXX_LANGUAGE_STANDARD = "gnu++14";
				CLANG_ENABLE_OBJC_WEAK = YES;
				CLANG_WARN_UNGUARDED_AVAILABILITY = YES_AGGRESSIVE;
				CODE_SIGN_IDENTITY = "";
				CODE_SIGN_STYLE = Automatic;
				CURRENT_PROJECT_VERSION = 2.1.0;
				DEFINES_MODULE = YES;
				DEVELOPMENT_TEAM = YT594STPKB;
				DYLIB_COMPATIBILITY_VERSION = 1;
				DYLIB_CURRENT_VERSION = 1;
				DYLIB_INSTALL_NAME_BASE = "@rpath";
				GCC_C_LANGUAGE_STANDARD = gnu11;
				INFOPLIST_FILE = "$(SRCROOT)/Source/Info.plist";
				INSTALL_PATH = "$(LOCAL_LIBRARY_DIR)/Frameworks";
				IPHONEOS_DEPLOYMENT_TARGET = 9.0;
				LD_RUNPATH_SEARCH_PATHS = "$(inherited) @executable_path/Frameworks @loader_path/Frameworks";
				PRODUCT_BUNDLE_IDENTIFIER = com.ranesr.SwiftIcons;
				PRODUCT_NAME = "$(TARGET_NAME:c99extidentifier)";
				SKIP_INSTALL = YES;
				SWIFT_VERSION = 4.2;
				TARGETED_DEVICE_FAMILY = "1,2";
				VERSIONING_SYSTEM = "apple-generic";
				VERSION_INFO_PREFIX = "";
			};
			name = Release;
		};
		A605C1401E37A9EF0079765A /* Debug */ = {
			isa = XCBuildConfiguration;
			buildSettings = {
				ALWAYS_SEARCH_USER_PATHS = NO;
				CLANG_ANALYZER_NONNULL = YES;
				CLANG_CXX_LANGUAGE_STANDARD = "gnu++0x";
				CLANG_CXX_LIBRARY = "libc++";
				CLANG_ENABLE_MODULES = YES;
				CLANG_ENABLE_OBJC_ARC = YES;
				CLANG_WARN_BLOCK_CAPTURE_AUTORELEASING = YES;
				CLANG_WARN_BOOL_CONVERSION = YES;
				CLANG_WARN_COMMA = YES;
				CLANG_WARN_CONSTANT_CONVERSION = YES;
				CLANG_WARN_DEPRECATED_OBJC_IMPLEMENTATIONS = YES;
				CLANG_WARN_DIRECT_OBJC_ISA_USAGE = YES_ERROR;
				CLANG_WARN_DOCUMENTATION_COMMENTS = YES;
				CLANG_WARN_EMPTY_BODY = YES;
				CLANG_WARN_ENUM_CONVERSION = YES;
				CLANG_WARN_INFINITE_RECURSION = YES;
				CLANG_WARN_INT_CONVERSION = YES;
				CLANG_WARN_NON_LITERAL_NULL_CONVERSION = YES;
				CLANG_WARN_OBJC_IMPLICIT_RETAIN_SELF = YES;
				CLANG_WARN_OBJC_LITERAL_CONVERSION = YES;
				CLANG_WARN_OBJC_ROOT_CLASS = YES_ERROR;
				CLANG_WARN_RANGE_LOOP_ANALYSIS = YES;
				CLANG_WARN_STRICT_PROTOTYPES = YES;
				CLANG_WARN_SUSPICIOUS_MOVE = YES;
				CLANG_WARN_UNREACHABLE_CODE = YES;
				CLANG_WARN__DUPLICATE_METHOD_MATCH = YES;
				"CODE_SIGN_IDENTITY[sdk=iphoneos*]" = "iPhone Developer";
				COPY_PHASE_STRIP = NO;
				DEBUG_INFORMATION_FORMAT = dwarf;
				ENABLE_STRICT_OBJC_MSGSEND = YES;
				ENABLE_TESTABILITY = YES;
				GCC_C_LANGUAGE_STANDARD = gnu99;
				GCC_DYNAMIC_NO_PIC = NO;
				GCC_NO_COMMON_BLOCKS = YES;
				GCC_OPTIMIZATION_LEVEL = 0;
				GCC_PREPROCESSOR_DEFINITIONS = (
					"DEBUG=1",
					"$(inherited)",
				);
				GCC_WARN_64_TO_32_BIT_CONVERSION = YES;
				GCC_WARN_ABOUT_RETURN_TYPE = YES_ERROR;
				GCC_WARN_UNDECLARED_SELECTOR = YES;
				GCC_WARN_UNINITIALIZED_AUTOS = YES_AGGRESSIVE;
				GCC_WARN_UNUSED_FUNCTION = YES;
				GCC_WARN_UNUSED_VARIABLE = YES;
				IPHONEOS_DEPLOYMENT_TARGET = 11.3;
				MTL_ENABLE_DEBUG_INFO = YES;
				ONLY_ACTIVE_ARCH = YES;
				SDKROOT = iphoneos;
				SWIFT_ACTIVE_COMPILATION_CONDITIONS = DEBUG;
				SWIFT_OPTIMIZATION_LEVEL = "-Onone";
			};
			name = Debug;
		};
		A605C1411E37A9EF0079765A /* Release */ = {
			isa = XCBuildConfiguration;
			buildSettings = {
				ALWAYS_SEARCH_USER_PATHS = NO;
				CLANG_ANALYZER_NONNULL = YES;
				CLANG_CXX_LANGUAGE_STANDARD = "gnu++0x";
				CLANG_CXX_LIBRARY = "libc++";
				CLANG_ENABLE_MODULES = YES;
				CLANG_ENABLE_OBJC_ARC = YES;
				CLANG_WARN_BLOCK_CAPTURE_AUTORELEASING = YES;
				CLANG_WARN_BOOL_CONVERSION = YES;
				CLANG_WARN_COMMA = YES;
				CLANG_WARN_CONSTANT_CONVERSION = YES;
				CLANG_WARN_DEPRECATED_OBJC_IMPLEMENTATIONS = YES;
				CLANG_WARN_DIRECT_OBJC_ISA_USAGE = YES_ERROR;
				CLANG_WARN_DOCUMENTATION_COMMENTS = YES;
				CLANG_WARN_EMPTY_BODY = YES;
				CLANG_WARN_ENUM_CONVERSION = YES;
				CLANG_WARN_INFINITE_RECURSION = YES;
				CLANG_WARN_INT_CONVERSION = YES;
				CLANG_WARN_NON_LITERAL_NULL_CONVERSION = YES;
				CLANG_WARN_OBJC_IMPLICIT_RETAIN_SELF = YES;
				CLANG_WARN_OBJC_LITERAL_CONVERSION = YES;
				CLANG_WARN_OBJC_ROOT_CLASS = YES_ERROR;
				CLANG_WARN_RANGE_LOOP_ANALYSIS = YES;
				CLANG_WARN_STRICT_PROTOTYPES = YES;
				CLANG_WARN_SUSPICIOUS_MOVE = YES;
				CLANG_WARN_UNREACHABLE_CODE = YES;
				CLANG_WARN__DUPLICATE_METHOD_MATCH = YES;
				"CODE_SIGN_IDENTITY[sdk=iphoneos*]" = "iPhone Developer";
				COPY_PHASE_STRIP = NO;
				DEBUG_INFORMATION_FORMAT = "dwarf-with-dsym";
				ENABLE_NS_ASSERTIONS = NO;
				ENABLE_STRICT_OBJC_MSGSEND = YES;
				GCC_C_LANGUAGE_STANDARD = gnu99;
				GCC_NO_COMMON_BLOCKS = YES;
				GCC_WARN_64_TO_32_BIT_CONVERSION = YES;
				GCC_WARN_ABOUT_RETURN_TYPE = YES_ERROR;
				GCC_WARN_UNDECLARED_SELECTOR = YES;
				GCC_WARN_UNINITIALIZED_AUTOS = YES_AGGRESSIVE;
				GCC_WARN_UNUSED_FUNCTION = YES;
				GCC_WARN_UNUSED_VARIABLE = YES;
				IPHONEOS_DEPLOYMENT_TARGET = 11.3;
				MTL_ENABLE_DEBUG_INFO = NO;
				SDKROOT = iphoneos;
				SWIFT_OPTIMIZATION_LEVEL = "-Owholemodule";
				VALIDATE_PRODUCT = YES;
			};
			name = Release;
		};
		A605C1431E37A9EF0079765A /* Debug */ = {
			isa = XCBuildConfiguration;
			buildSettings = {
				ALWAYS_EMBED_SWIFT_STANDARD_LIBRARIES = YES;
				ASSETCATALOG_COMPILER_APPICON_NAME = AppIcon;
				CODE_SIGN_IDENTITY = "iPhone Developer";
				DEVELOPMENT_TEAM = YT594STPKB;
				INFOPLIST_FILE = "$(SRCROOT)/SwiftIconsApp/Info.plist";
				LD_RUNPATH_SEARCH_PATHS = "$(inherited) @executable_path/Frameworks";
				PRODUCT_BUNDLE_IDENTIFIER = com.ranesr.SwiftIconsApp;
				PRODUCT_NAME = "$(TARGET_NAME)";
				SWIFT_VERSION = 4.2;
				TARGETED_DEVICE_FAMILY = "1,2";
			};
			name = Debug;
		};
		A605C1441E37A9EF0079765A /* Release */ = {
			isa = XCBuildConfiguration;
			buildSettings = {
				ALWAYS_EMBED_SWIFT_STANDARD_LIBRARIES = YES;
				ASSETCATALOG_COMPILER_APPICON_NAME = AppIcon;
				CODE_SIGN_IDENTITY = "iPhone Developer";
				DEVELOPMENT_TEAM = YT594STPKB;
				INFOPLIST_FILE = "$(SRCROOT)/SwiftIconsApp/Info.plist";
				LD_RUNPATH_SEARCH_PATHS = "$(inherited) @executable_path/Frameworks";
				PRODUCT_BUNDLE_IDENTIFIER = com.ranesr.SwiftIconsApp;
				PRODUCT_NAME = "$(TARGET_NAME)";
				SWIFT_VERSION = 4.2;
				TARGETED_DEVICE_FAMILY = "1,2";
			};
			name = Release;
		};
		A671D69C1EAFD5BA00849862 /* Debug */ = {
			isa = XCBuildConfiguration;
			buildSettings = {
				CLANG_ANALYZER_NUMBER_OBJECT_CONVERSION = YES_AGGRESSIVE;
				DEVELOPMENT_TEAM = YT594STPKB;
				INFOPLIST_FILE = SwiftIconsTests/Info.plist;
				IPHONEOS_DEPLOYMENT_TARGET = 11.3;
				LD_RUNPATH_SEARCH_PATHS = "$(inherited) @executable_path/Frameworks @loader_path/Frameworks";
				PRODUCT_BUNDLE_IDENTIFIER = com.ranesr.SwiftIconsTests;
				PRODUCT_NAME = "$(TARGET_NAME)";
				SWIFT_VERSION = 4.2;
			};
			name = Debug;
		};
		A671D69D1EAFD5BA00849862 /* Release */ = {
			isa = XCBuildConfiguration;
			buildSettings = {
				CLANG_ANALYZER_NUMBER_OBJECT_CONVERSION = YES_AGGRESSIVE;
				DEVELOPMENT_TEAM = YT594STPKB;
				INFOPLIST_FILE = SwiftIconsTests/Info.plist;
				IPHONEOS_DEPLOYMENT_TARGET = 11.3;
				LD_RUNPATH_SEARCH_PATHS = "$(inherited) @executable_path/Frameworks @loader_path/Frameworks";
				PRODUCT_BUNDLE_IDENTIFIER = com.ranesr.SwiftIconsTests;
				PRODUCT_NAME = "$(TARGET_NAME)";
				SWIFT_VERSION = 4.2;
			};
			name = Release;
		};
/* End XCBuildConfiguration section */

/* Begin XCConfigurationList section */
		4389E5E420FE8E4400175651 /* Build configuration list for PBXNativeTarget "SwiftIcons" */ = {
			isa = XCConfigurationList;
			buildConfigurations = (
				4389E5E220FE8E4400175651 /* Debug */,
				4389E5E320FE8E4400175651 /* Release */,
			);
			defaultConfigurationIsVisible = 0;
			defaultConfigurationName = Release;
		};
		A605C12B1E37A9EE0079765A /* Build configuration list for PBXProject "SwiftIcons" */ = {
			isa = XCConfigurationList;
			buildConfigurations = (
				A605C1401E37A9EF0079765A /* Debug */,
				A605C1411E37A9EF0079765A /* Release */,
			);
			defaultConfigurationIsVisible = 0;
			defaultConfigurationName = Release;
		};
		A605C1421E37A9EF0079765A /* Build configuration list for PBXNativeTarget "SwiftIconsApp" */ = {
			isa = XCConfigurationList;
			buildConfigurations = (
				A605C1431E37A9EF0079765A /* Debug */,
				A605C1441E37A9EF0079765A /* Release */,
			);
			defaultConfigurationIsVisible = 0;
			defaultConfigurationName = Release;
		};
		A671D69B1EAFD5BA00849862 /* Build configuration list for PBXNativeTarget "SwiftIconsTests" */ = {
			isa = XCConfigurationList;
			buildConfigurations = (
				A671D69C1EAFD5BA00849862 /* Debug */,
				A671D69D1EAFD5BA00849862 /* Release */,
			);
			defaultConfigurationIsVisible = 0;
			defaultConfigurationName = Release;
		};
/* End XCConfigurationList section */
	};
	rootObject = A605C1281E37A9EE0079765A /* Project object */;
}
